{
  "name": "paastis",
  "version": "0.0.1",
  "lockfileVersion": 2,
  "requires": true,
  "packages": {
    "": {
      "name": "paastis",
      "version": "0.0.1",
      "license": "AGPL-3.0",
      "engines": {
        "node": "16",
        "npm": "8"
      }
    },
    "paastis-proxy": {
      "version": "0.0.1",
      "extraneous": true,
      "license": "AGPL-3.0",
      "dependencies": {
        "dotenv": "^16.0.2",
        "http-proxy": "^1.18.1",
        "lodash": "^4.17.21",
        "node-cron": "^3.0.2",
        "scalingo": "^0.7.0"
      },
      "engines": {
        "node": "16",
        "npm": "8"
      }
    },
    "paastis-web": {
      "version": "0.0.1",
      "extraneous": true,
      "dependencies": {
        "@fontsource/fira-mono": "^4.5.9",
        "@fortawesome/free-solid-svg-icons": "^6.2.0",
        "cookie": "^0.5.0",
        "scalingo": "^0.7.0",
        "scalingo-review-app-manager": "^1.0.1",
        "sqlite3": "^5.0.11",
        "svelte-fa": "^3.0.3"
      },
      "devDependencies": {
        "@playwright/test": "^1.25.2",
        "@sveltejs/adapter-auto": "next",
        "@sveltejs/kit": "next",
        "@types/cookie": "^0.5.1",
        "eslint": "^8.23.0",
        "eslint-config-prettier": "^8.5.0",
        "eslint-plugin-svelte3": "^4.0.0",
        "lodash": "^4.17.21",
        "prettier": "^2.7.1",
        "prettier-plugin-svelte": "^2.7.0",
        "prisma": "^4.3.1",
        "svelte": "^3.50.1",
        "svelte-check": "^2.9.0",
        "typescript": "^4.8.3",
        "vite": "^3.1.0"
      },
      "engines": {
        "node": "16",
        "npm": "8"
      }
    }
  }
}
